
Microsoft Visual Studio Solution File, Format Version 12.00
# Visual Studio Version 17
VisualStudioVersion = 17.0.31710.8
MinimumVisualStudioVersion = 10.0.40219.1
Project("{FAE04EC0-301F-11D3-BF4B-00C04F79EFBC}") = "Mr. Krabs", "Mr. Krabs\Mr. Krabs.csproj", "{808ACC59-5CEF-45A3-9AF8-C0E7F761FEBE}"
EndProject
Global
	GlobalSection(SolutionConfigurationPlatforms) = preSolution
		Debug|Any CPU = Debug|Any CPU
		Release|Any CPU = Release|Any CPU
	EndGlobalSection
	GlobalSection(ProjectConfigurationPlatforms) = postSolution
		{808ACC59-5CEF-45A3-9AF8-C0E7F761FEBE}.Debug|Any CPU.ActiveCfg = Debug|Any CPU
		{808ACC59-5CEF-45A3-9AF8-C0E7F761FEBE}.Debug|Any CPU.Build.0 = Debug|Any CPU
		{808ACC59-5CEF-45A3-9AF8-C0E7F761FEBE}.Release|Any CPU.ActiveCfg = Release|Any CPU
		{808ACC59-5CEF-45A3-9AF8-C0E7F761FEBE}.Release|Any CPU.Build.0 = Release|Any CPU
	EndGlobalSection
	GlobalSection(SolutionProperties) = preSolution
		HideSolutionNode = FALSE
	EndGlobalSection
	GlobalSection(ExtensibilityGlobals) = postSolution
		SolutionGuid = {F0F00813-80C2-44AE-985A-8B2F7EFAC1F7}
	EndGlobalSection
EndGlobal
